{
  "object": {
    "pins": [
      {
        "package": "ASN1Decoder",
        "repositoryURL": "https://github.com/filom/ASN1Decoder",
        "state": {
          "branch": null,
          "revision": "65953a42a0f039f53c73e48fd88c02809f7db607",
          "version": "1.8.0"
        }
      },
      {
        "package": "SwiftCBOR",
        "repositoryURL": "https://github.com/eu-digital-green-certificates/SwiftCBOR",
        "state": {
          "branch": "master",
          "revision": "0209a2d1a30b1b42334c4ad3f8bd221b977b2273",
          "version": null
        }
      },
      {
        "package": "SwiftyJSON",
        "repositoryURL": "https://github.com/SwiftyJSON/SwiftyJSON",
        "state": {
          "branch": null,
          "revision": "b3dcd7dbd0d488e1a7077cb33b00f2083e382f07",
          "version": "5.0.1"
        }
      }
    ]
  },
  "version": 1
}
